
Microsoft Visual Studio Solution File, Format Version 12.00
Project("{FAE04EC0-301F-11D3-BF4B-00C04F79EFBC}") = "DesignPatterns", "DesignPatterns\DesignPatterns.csproj", "{794C8540-5B7A-4701-BDA0-7D5A1AA9A47A}"
EndProject
Project("{FAE04EC0-301F-11D3-BF4B-00C04F79EFBC}") = "DesignPatterns.Test", "DesignPatterns.Test\DesignPatterns.Test.csproj", "{F813EDFB-7B86-416D-8A5C-4371F1F8C8CA}"
EndProject
Global
	GlobalSection(SolutionConfigurationPlatforms) = preSolution
		Debug|Any CPU = Debug|Any CPU
		Release|Any CPU = Release|Any CPU
	EndGlobalSection
	GlobalSection(ProjectConfigurationPlatforms) = postSolution
		{794C8540-5B7A-4701-BDA0-7D5A1AA9A47A}.Debug|Any CPU.ActiveCfg = Debug|Any CPU
		{794C8540-5B7A-4701-BDA0-7D5A1AA9A47A}.Debug|Any CPU.Build.0 = Debug|Any CPU
		{794C8540-5B7A-4701-BDA0-7D5A1AA9A47A}.Release|Any CPU.ActiveCfg = Release|Any CPU
		{794C8540-5B7A-4701-BDA0-7D5A1AA9A47A}.Release|Any CPU.Build.0 = Release|Any CPU
		{F813EDFB-7B86-416D-8A5C-4371F1F8C8CA}.Debug|Any CPU.ActiveCfg = Debug|Any CPU
		{F813EDFB-7B86-416D-8A5C-4371F1F8C8CA}.Debug|Any CPU.Build.0 = Debug|Any CPU
		{F813EDFB-7B86-416D-8A5C-4371F1F8C8CA}.Release|Any CPU.ActiveCfg = Release|Any CPU
		{F813EDFB-7B86-416D-8A5C-4371F1F8C8CA}.Release|Any CPU.Build.0 = Release|Any CPU
	EndGlobalSection
EndGlobal
